
Microsoft Visual Studio Solution File, Format Version 12.00
# Visual Studio 15
VisualStudioVersion = 15.0.28307.960
MinimumVisualStudioVersion = 10.0.40219.1
Project("{FAE04EC0-301F-11D3-BF4B-00C04F79EFBC}") = "Trade.Test", "Trade\Trade.Test.csproj", "{24B090BE-358C-4F72-B297-944B34B80CBF}"
EndProject
Project("{FAE04EC0-301F-11D3-BF4B-00C04F79EFBC}") = "Trade.Core", "Trade.Core\Trade.Core.csproj", "{E3BC7DC4-4BF4-49D7-971E-BA5466EC1E8B}"
EndProject
Global
	GlobalSection(SolutionConfigurationPlatforms) = preSolution
		Debug|Any CPU = Debug|Any CPU
		Release|Any CPU = Release|Any CPU
	EndGlobalSection
	GlobalSection(ProjectConfigurationPlatforms) = postSolution
		{24B090BE-358C-4F72-B297-944B34B80CBF}.Debug|Any CPU.ActiveCfg = Debug|Any CPU
		{24B090BE-358C-4F72-B297-944B34B80CBF}.Debug|Any CPU.Build.0 = Debug|Any CPU
		{24B090BE-358C-4F72-B297-944B34B80CBF}.Release|Any CPU.ActiveCfg = Release|Any CPU
		{24B090BE-358C-4F72-B297-944B34B80CBF}.Release|Any CPU.Build.0 = Release|Any CPU
		{E3BC7DC4-4BF4-49D7-971E-BA5466EC1E8B}.Debug|Any CPU.ActiveCfg = Debug|Any CPU
		{E3BC7DC4-4BF4-49D7-971E-BA5466EC1E8B}.Debug|Any CPU.Build.0 = Debug|Any CPU
		{E3BC7DC4-4BF4-49D7-971E-BA5466EC1E8B}.Release|Any CPU.ActiveCfg = Release|Any CPU
		{E3BC7DC4-4BF4-49D7-971E-BA5466EC1E8B}.Release|Any CPU.Build.0 = Release|Any CPU
	EndGlobalSection
	GlobalSection(SolutionProperties) = preSolution
		HideSolutionNode = FALSE
	EndGlobalSection
	GlobalSection(ExtensibilityGlobals) = postSolution
		SolutionGuid = {293503C2-4D55-4E83-A0F5-9C73C1FB5637}
	EndGlobalSection
EndGlobal
