
Microsoft Visual Studio Solution File, Format Version 12.00
# Visual Studio 15
VisualStudioVersion = 15.0.28307.960
MinimumVisualStudioVersion = 10.0.40219.1
Project("{FAE04EC0-301F-11D3-BF4B-00C04F79EFBC}") = "Trade.Test", "Trade\Trade.Test.csproj", "{24B090BE-358C-4F72-B297-944B34B80CBF}"
EndProject
Project("{FAE04EC0-301F-11D3-BF4B-00C04F79EFBC}") = "Trade.Logic", "Trade.Logic\Trade.Logic.csproj", "{BCB9C822-F9FB-45D9-91DE-0E81BBFFFADF}"
EndProject
Project("{FAE04EC0-301F-11D3-BF4B-00C04F79EFBC}") = "Trade.Object", "Trade.Object\Trade.Object.csproj", "{2746E82F-5821-4B47-BDE6-293A18C25548}"
EndProject
Global
	GlobalSection(SolutionConfigurationPlatforms) = preSolution
		Debug|Any CPU = Debug|Any CPU
		Release|Any CPU = Release|Any CPU
	EndGlobalSection
	GlobalSection(ProjectConfigurationPlatforms) = postSolution
		{24B090BE-358C-4F72-B297-944B34B80CBF}.Debug|Any CPU.ActiveCfg = Debug|Any CPU
		{24B090BE-358C-4F72-B297-944B34B80CBF}.Debug|Any CPU.Build.0 = Debug|Any CPU
		{24B090BE-358C-4F72-B297-944B34B80CBF}.Release|Any CPU.ActiveCfg = Release|Any CPU
		{24B090BE-358C-4F72-B297-944B34B80CBF}.Release|Any CPU.Build.0 = Release|Any CPU
		{BCB9C822-F9FB-45D9-91DE-0E81BBFFFADF}.Debug|Any CPU.ActiveCfg = Debug|Any CPU
		{BCB9C822-F9FB-45D9-91DE-0E81BBFFFADF}.Debug|Any CPU.Build.0 = Debug|Any CPU
		{BCB9C822-F9FB-45D9-91DE-0E81BBFFFADF}.Release|Any CPU.ActiveCfg = Release|Any CPU
		{BCB9C822-F9FB-45D9-91DE-0E81BBFFFADF}.Release|Any CPU.Build.0 = Release|Any CPU
		{2746E82F-5821-4B47-BDE6-293A18C25548}.Debug|Any CPU.ActiveCfg = Debug|Any CPU
		{2746E82F-5821-4B47-BDE6-293A18C25548}.Debug|Any CPU.Build.0 = Debug|Any CPU
		{2746E82F-5821-4B47-BDE6-293A18C25548}.Release|Any CPU.ActiveCfg = Release|Any CPU
		{2746E82F-5821-4B47-BDE6-293A18C25548}.Release|Any CPU.Build.0 = Release|Any CPU
	EndGlobalSection
	GlobalSection(SolutionProperties) = preSolution
		HideSolutionNode = FALSE
	EndGlobalSection
	GlobalSection(ExtensibilityGlobals) = postSolution
		SolutionGuid = {293503C2-4D55-4E83-A0F5-9C73C1FB5637}
	EndGlobalSection
EndGlobal
